
Microsoft Visual Studio Solution File, Format Version 12.00
# Visual Studio Version 17
VisualStudioVersion = 17.6.33815.320
MinimumVisualStudioVersion = 10.0.40219.1
Project("{2150E333-8FDC-42A3-9474-1A3956D46DE8}") = "Source", "Source", "{7A7885B2-5305-4683-A442-7A451CBA99D0}"
EndProject
Project("{2150E333-8FDC-42A3-9474-1A3956D46DE8}") = "Platforms", "Platforms", "{6D2CA210-769F-410A-9198-A1A25E5065A6}"
EndProject
Project("{9A19103F-16F7-4668-BE54-9A1E7A4F7556}") = "UnoButtonOffCanvasIssue", "UnoButtonOffCanvasIssue\UnoButtonOffCanvasIssue.csproj", "{36E34738-F1B5-4D15-B67E-BF4D9707B98F}"
EndProject
Project("{9A19103F-16F7-4668-BE54-9A1E7A4F7556}") = "UnoButtonOffCanvasIssue.Mobile", "UnoButtonOffCanvasIssue.Mobile\UnoButtonOffCanvasIssue.Mobile.csproj", "{3D0A5FC3-CD65-4B16-BEFC-BFAD34697956}"
EndProject
Project("{9A19103F-16F7-4668-BE54-9A1E7A4F7556}") = "UnoButtonOffCanvasIssue.Windows", "UnoButtonOffCanvasIssue.Windows\UnoButtonOffCanvasIssue.Windows.csproj", "{2B604819-9E1C-4AA9-85EC-C50194C1D4E4}"
EndProject
Project("{9A19103F-16F7-4668-BE54-9A1E7A4F7556}") = "UnoButtonOffCanvasIssue.Wasm", "UnoButtonOffCanvasIssue.Wasm\UnoButtonOffCanvasIssue.Wasm.csproj", "{6F67FCBB-9340-4FC0-8109-790C833A5A63}"
EndProject
Project("{2150E333-8FDC-42A3-9474-1A3956D46DE8}") = "Solution Items", "Solution Items", "{4938628E-E768-4E77-8697-5CD5F85523E7}"
	ProjectSection(SolutionItems) = preProject
		.gitignore = .gitignore
		README.md = README.md
	EndProjectSection
EndProject
Global
	GlobalSection(SolutionConfigurationPlatforms) = preSolution
		Debug|Any CPU = Debug|Any CPU
		Debug|arm64 = Debug|arm64
		Debug|x64 = Debug|x64
		Debug|x86 = Debug|x86
		Release|Any CPU = Release|Any CPU
		Release|arm64 = Release|arm64
		Release|x64 = Release|x64
		Release|x86 = Release|x86
	EndGlobalSection
	GlobalSection(ProjectConfigurationPlatforms) = postSolution
		{36E34738-F1B5-4D15-B67E-BF4D9707B98F}.Debug|Any CPU.ActiveCfg = Debug|Any CPU
		{36E34738-F1B5-4D15-B67E-BF4D9707B98F}.Debug|Any CPU.Build.0 = Debug|Any CPU
		{36E34738-F1B5-4D15-B67E-BF4D9707B98F}.Debug|arm64.ActiveCfg = Debug|Any CPU
		{36E34738-F1B5-4D15-B67E-BF4D9707B98F}.Debug|arm64.Build.0 = Debug|Any CPU
		{36E34738-F1B5-4D15-B67E-BF4D9707B98F}.Debug|x64.ActiveCfg = Debug|Any CPU
		{36E34738-F1B5-4D15-B67E-BF4D9707B98F}.Debug|x64.Build.0 = Debug|Any CPU
		{36E34738-F1B5-4D15-B67E-BF4D9707B98F}.Debug|x86.ActiveCfg = Debug|Any CPU
		{36E34738-F1B5-4D15-B67E-BF4D9707B98F}.Debug|x86.Build.0 = Debug|Any CPU
		{36E34738-F1B5-4D15-B67E-BF4D9707B98F}.Release|Any CPU.ActiveCfg = Release|Any CPU
		{36E34738-F1B5-4D15-B67E-BF4D9707B98F}.Release|Any CPU.Build.0 = Release|Any CPU
		{36E34738-F1B5-4D15-B67E-BF4D9707B98F}.Release|arm64.ActiveCfg = Release|Any CPU
		{36E34738-F1B5-4D15-B67E-BF4D9707B98F}.Release|arm64.Build.0 = Release|Any CPU
		{36E34738-F1B5-4D15-B67E-BF4D9707B98F}.Release|x64.ActiveCfg = Release|Any CPU
		{36E34738-F1B5-4D15-B67E-BF4D9707B98F}.Release|x64.Build.0 = Release|Any CPU
		{36E34738-F1B5-4D15-B67E-BF4D9707B98F}.Release|x86.ActiveCfg = Release|Any CPU
		{36E34738-F1B5-4D15-B67E-BF4D9707B98F}.Release|x86.Build.0 = Release|Any CPU
		{3D0A5FC3-CD65-4B16-BEFC-BFAD34697956}.Debug|Any CPU.ActiveCfg = Debug|Any CPU
		{3D0A5FC3-CD65-4B16-BEFC-BFAD34697956}.Debug|Any CPU.Build.0 = Debug|Any CPU
		{3D0A5FC3-CD65-4B16-BEFC-BFAD34697956}.Debug|Any CPU.Deploy.0 = Debug|Any CPU
		{3D0A5FC3-CD65-4B16-BEFC-BFAD34697956}.Debug|arm64.ActiveCfg = Debug|Any CPU
		{3D0A5FC3-CD65-4B16-BEFC-BFAD34697956}.Debug|arm64.Build.0 = Debug|Any CPU
		{3D0A5FC3-CD65-4B16-BEFC-BFAD34697956}.Debug|arm64.Deploy.0 = Debug|Any CPU
		{3D0A5FC3-CD65-4B16-BEFC-BFAD34697956}.Debug|x64.ActiveCfg = Debug|Any CPU
		{3D0A5FC3-CD65-4B16-BEFC-BFAD34697956}.Debug|x64.Build.0 = Debug|Any CPU
		{3D0A5FC3-CD65-4B16-BEFC-BFAD34697956}.Debug|x64.Deploy.0 = Debug|Any CPU
		{3D0A5FC3-CD65-4B16-BEFC-BFAD34697956}.Debug|x86.ActiveCfg = Debug|Any CPU
		{3D0A5FC3-CD65-4B16-BEFC-BFAD34697956}.Debug|x86.Build.0 = Debug|Any CPU
		{3D0A5FC3-CD65-4B16-BEFC-BFAD34697956}.Debug|x86.Deploy.0 = Debug|Any CPU
		{3D0A5FC3-CD65-4B16-BEFC-BFAD34697956}.Release|Any CPU.ActiveCfg = Release|Any CPU
		{3D0A5FC3-CD65-4B16-BEFC-BFAD34697956}.Release|Any CPU.Build.0 = Release|Any CPU
		{3D0A5FC3-CD65-4B16-BEFC-BFAD34697956}.Release|Any CPU.Deploy.0 = Release|Any CPU
		{3D0A5FC3-CD65-4B16-BEFC-BFAD34697956}.Release|arm64.ActiveCfg = Release|Any CPU
		{3D0A5FC3-CD65-4B16-BEFC-BFAD34697956}.Release|arm64.Build.0 = Release|Any CPU
		{3D0A5FC3-CD65-4B16-BEFC-BFAD34697956}.Release|arm64.Deploy.0 = Release|Any CPU
		{3D0A5FC3-CD65-4B16-BEFC-BFAD34697956}.Release|x64.ActiveCfg = Release|Any CPU
		{3D0A5FC3-CD65-4B16-BEFC-BFAD34697956}.Release|x64.Build.0 = Release|Any CPU
		{3D0A5FC3-CD65-4B16-BEFC-BFAD34697956}.Release|x64.Deploy.0 = Release|Any CPU
		{3D0A5FC3-CD65-4B16-BEFC-BFAD34697956}.Release|x86.ActiveCfg = Release|Any CPU
		{3D0A5FC3-CD65-4B16-BEFC-BFAD34697956}.Release|x86.Build.0 = Release|Any CPU
		{3D0A5FC3-CD65-4B16-BEFC-BFAD34697956}.Release|x86.Deploy.0 = Release|Any CPU
		{2B604819-9E1C-4AA9-85EC-C50194C1D4E4}.Debug|Any CPU.ActiveCfg = Debug|x64
		{2B604819-9E1C-4AA9-85EC-C50194C1D4E4}.Debug|Any CPU.Build.0 = Debug|x64
		{2B604819-9E1C-4AA9-85EC-C50194C1D4E4}.Debug|Any CPU.Deploy.0 = Debug|x64
		{2B604819-9E1C-4AA9-85EC-C50194C1D4E4}.Debug|arm64.ActiveCfg = Debug|arm64
		{2B604819-9E1C-4AA9-85EC-C50194C1D4E4}.Debug|arm64.Build.0 = Debug|arm64
		{2B604819-9E1C-4AA9-85EC-C50194C1D4E4}.Debug|arm64.Deploy.0 = Debug|arm64
		{2B604819-9E1C-4AA9-85EC-C50194C1D4E4}.Debug|x64.ActiveCfg = Debug|x64
		{2B604819-9E1C-4AA9-85EC-C50194C1D4E4}.Debug|x64.Build.0 = Debug|x64
		{2B604819-9E1C-4AA9-85EC-C50194C1D4E4}.Debug|x64.Deploy.0 = Debug|x64
		{2B604819-9E1C-4AA9-85EC-C50194C1D4E4}.Debug|x86.ActiveCfg = Debug|x86
		{2B604819-9E1C-4AA9-85EC-C50194C1D4E4}.Debug|x86.Build.0 = Debug|x86
		{2B604819-9E1C-4AA9-85EC-C50194C1D4E4}.Debug|x86.Deploy.0 = Debug|x86
		{2B604819-9E1C-4AA9-85EC-C50194C1D4E4}.Release|Any CPU.ActiveCfg = Release|x64
		{2B604819-9E1C-4AA9-85EC-C50194C1D4E4}.Release|Any CPU.Build.0 = Release|x64
		{2B604819-9E1C-4AA9-85EC-C50194C1D4E4}.Release|Any CPU.Deploy.0 = Release|x64
		{2B604819-9E1C-4AA9-85EC-C50194C1D4E4}.Release|arm64.ActiveCfg = Release|arm64
		{2B604819-9E1C-4AA9-85EC-C50194C1D4E4}.Release|arm64.Build.0 = Release|arm64
		{2B604819-9E1C-4AA9-85EC-C50194C1D4E4}.Release|arm64.Deploy.0 = Release|arm64
		{2B604819-9E1C-4AA9-85EC-C50194C1D4E4}.Release|x64.ActiveCfg = Release|x64
		{2B604819-9E1C-4AA9-85EC-C50194C1D4E4}.Release|x64.Build.0 = Release|x64
		{2B604819-9E1C-4AA9-85EC-C50194C1D4E4}.Release|x64.Deploy.0 = Release|x64
		{2B604819-9E1C-4AA9-85EC-C50194C1D4E4}.Release|x86.ActiveCfg = Release|x86
		{2B604819-9E1C-4AA9-85EC-C50194C1D4E4}.Release|x86.Build.0 = Release|x86
		{2B604819-9E1C-4AA9-85EC-C50194C1D4E4}.Release|x86.Deploy.0 = Release|x86
		{6F67FCBB-9340-4FC0-8109-790C833A5A63}.Debug|Any CPU.ActiveCfg = Debug|Any CPU
		{6F67FCBB-9340-4FC0-8109-790C833A5A63}.Debug|Any CPU.Build.0 = Debug|Any CPU
		{6F67FCBB-9340-4FC0-8109-790C833A5A63}.Debug|arm64.ActiveCfg = Debug|Any CPU
		{6F67FCBB-9340-4FC0-8109-790C833A5A63}.Debug|arm64.Build.0 = Debug|Any CPU
		{6F67FCBB-9340-4FC0-8109-790C833A5A63}.Debug|x64.ActiveCfg = Debug|Any CPU
		{6F67FCBB-9340-4FC0-8109-790C833A5A63}.Debug|x64.Build.0 = Debug|Any CPU
		{6F67FCBB-9340-4FC0-8109-790C833A5A63}.Debug|x86.ActiveCfg = Debug|Any CPU
		{6F67FCBB-9340-4FC0-8109-790C833A5A63}.Debug|x86.Build.0 = Debug|Any CPU
		{6F67FCBB-9340-4FC0-8109-790C833A5A63}.Release|Any CPU.ActiveCfg = Release|Any CPU
		{6F67FCBB-9340-4FC0-8109-790C833A5A63}.Release|Any CPU.Build.0 = Release|Any CPU
		{6F67FCBB-9340-4FC0-8109-790C833A5A63}.Release|arm64.ActiveCfg = Release|Any CPU
		{6F67FCBB-9340-4FC0-8109-790C833A5A63}.Release|arm64.Build.0 = Release|Any CPU
		{6F67FCBB-9340-4FC0-8109-790C833A5A63}.Release|x64.ActiveCfg = Release|Any CPU
		{6F67FCBB-9340-4FC0-8109-790C833A5A63}.Release|x64.Build.0 = Release|Any CPU
		{6F67FCBB-9340-4FC0-8109-790C833A5A63}.Release|x86.ActiveCfg = Release|Any CPU
		{6F67FCBB-9340-4FC0-8109-790C833A5A63}.Release|x86.Build.0 = Release|Any CPU
	EndGlobalSection
	GlobalSection(SolutionProperties) = preSolution
		HideSolutionNode = FALSE
	EndGlobalSection
	GlobalSection(NestedProjects) = preSolution
		{6D2CA210-769F-410A-9198-A1A25E5065A6} = {7A7885B2-5305-4683-A442-7A451CBA99D0}
		{36E34738-F1B5-4D15-B67E-BF4D9707B98F} = {7A7885B2-5305-4683-A442-7A451CBA99D0}
		{3D0A5FC3-CD65-4B16-BEFC-BFAD34697956} = {6D2CA210-769F-410A-9198-A1A25E5065A6}
		{2B604819-9E1C-4AA9-85EC-C50194C1D4E4} = {6D2CA210-769F-410A-9198-A1A25E5065A6}
		{6F67FCBB-9340-4FC0-8109-790C833A5A63} = {6D2CA210-769F-410A-9198-A1A25E5065A6}
	EndGlobalSection
	GlobalSection(ExtensibilityGlobals) = postSolution
		SolutionGuid = {942FAE7D-1E1A-431B-95B2-96DA475469EE}
	EndGlobalSection
EndGlobal
